
Microsoft Visual Studio Solution File, Format Version 12.00
# Visual Studio Version 16
VisualStudioVersion = 16.0.29424.173
MinimumVisualStudioVersion = 10.0.40219.1
Project("{FAE04EC0-301F-11D3-BF4B-00C04F79EFBC}") = "BrushupConsoleApp", "BrushupConsoleApp\BrushupConsoleApp.csproj", "{BE0C3ECE-ED9D-440D-9AE1-F05359885E32}"
EndProject
Project("{FAE04EC0-301F-11D3-BF4B-00C04F79EFBC}") = "BrushuoLib", "BrushuoLib\BrushuoLib.csproj", "{3A836BBA-123D-43A5-9095-78A60D51682C}"
EndProject
Global
	GlobalSection(SolutionConfigurationPlatforms) = preSolution
		Debug|Any CPU = Debug|Any CPU
		Release|Any CPU = Release|Any CPU
	EndGlobalSection
	GlobalSection(ProjectConfigurationPlatforms) = postSolution
		{BE0C3ECE-ED9D-440D-9AE1-F05359885E32}.Debug|Any CPU.ActiveCfg = Debug|Any CPU
		{BE0C3ECE-ED9D-440D-9AE1-F05359885E32}.Debug|Any CPU.Build.0 = Debug|Any CPU
		{BE0C3ECE-ED9D-440D-9AE1-F05359885E32}.Release|Any CPU.ActiveCfg = Release|Any CPU
		{BE0C3ECE-ED9D-440D-9AE1-F05359885E32}.Release|Any CPU.Build.0 = Release|Any CPU
		{3A836BBA-123D-43A5-9095-78A60D51682C}.Debug|Any CPU.ActiveCfg = Debug|Any CPU
		{3A836BBA-123D-43A5-9095-78A60D51682C}.Debug|Any CPU.Build.0 = Debug|Any CPU
		{3A836BBA-123D-43A5-9095-78A60D51682C}.Release|Any CPU.ActiveCfg = Release|Any CPU
		{3A836BBA-123D-43A5-9095-78A60D51682C}.Release|Any CPU.Build.0 = Release|Any CPU
	EndGlobalSection
	GlobalSection(SolutionProperties) = preSolution
		HideSolutionNode = FALSE
	EndGlobalSection
	GlobalSection(ExtensibilityGlobals) = postSolution
		SolutionGuid = {18833080-9E8E-4994-A84F-B52668C9A048}
	EndGlobalSection
EndGlobal
